
Microsoft Visual Studio Solution File, Format Version 12.00
# Visual Studio Version 17
VisualStudioVersion = 17.13.36105.23
MinimumVisualStudioVersion = 10.0.40219.1
Project("{FAE04EC0-301F-11D3-BF4B-00C04F79EFBC}") = "EncuestaRazorPages", "EncuestaRazorPages\EncuestaRazorPages.csproj", "{AEC8F556-17EA-4148-811A-C85F6F036B64}"
EndProject
Global
	GlobalSection(SolutionConfigurationPlatforms) = preSolution
		Debug|Any CPU = Debug|Any CPU
		Release|Any CPU = Release|Any CPU
	EndGlobalSection
	GlobalSection(ProjectConfigurationPlatforms) = postSolution
		{AEC8F556-17EA-4148-811A-C85F6F036B64}.Debug|Any CPU.ActiveCfg = Debug|Any CPU
		{AEC8F556-17EA-4148-811A-C85F6F036B64}.Debug|Any CPU.Build.0 = Debug|Any CPU
		{AEC8F556-17EA-4148-811A-C85F6F036B64}.Release|Any CPU.ActiveCfg = Release|Any CPU
		{AEC8F556-17EA-4148-811A-C85F6F036B64}.Release|Any CPU.Build.0 = Release|Any CPU
	EndGlobalSection
	GlobalSection(SolutionProperties) = preSolution
		HideSolutionNode = FALSE
	EndGlobalSection
	GlobalSection(ExtensibilityGlobals) = postSolution
		SolutionGuid = {14A279F7-E4B8-4EE1-96CC-D108E5859A3D}
	EndGlobalSection
EndGlobal
